# This file was autogenerated by Stack.
# You should not edit this file by hand.
# For more information, please see the documentation at:
#   https://docs.haskellstack.org/en/stable/lock_files

packages:
- completed:
    hackage: extensible-0.8@sha256:45ca089909ae434329e4d05dc557be94ff04f24c43ff9b915bd90c0599c83211,2911
    pantry-tree:
      size: 2097
      sha256: d602c9d623afd9186a4d55898ef97f0dfb7f81ffbd5bae86e2238b3694d702fb
  original:
    hackage: extensible-0.8
- completed:
    hackage: membership-0@sha256:3a11d8fd53cb1a76bb9273e6c929bbf9d649f109714bf487abb3143be04ddc81,995
    pantry-tree:
      size: 408
      sha256: 3b593e0d14e848e318e745555776ebb25210e5e3dec4fde5d3c08ab51ceddc62
  original:
    hackage: membership-0
- completed:
    hackage: github-0.26@sha256:a9d4046325c3eb28cdc7bef2c3f5bb213328caeae0b7dce6f51de655f0bffaa1,7162
    pantry-tree:
      size: 7511
      sha256: b71aab2984b268030c9e2617043575681134c1fe60dffbd5596e659c0a3e9aec
  original:
    hackage: github-0.26
- completed:
    hackage: binary-instances-1.0.0.1@sha256:e234be994da675479a3661f050d4a1d53565c9ed7786d9a68b7a29ba8b54b5a7,2659
    pantry-tree:
      size: 1035
      sha256: 6086ebb4c6f3d28200f295c36495227b3cd762ab1de3dafa36f6ce8674a23a90
  original:
    hackage: binary-instances-1.0.0.1
- completed:
    size: 8728
    subdir: mix
    url: https://github.com/matsubara0507/mix.hs/archive/36e88c9a9e5122a8718c5616d6a9fdcd5b223846.tar.gz
    name: mix
    version: 0.1.1
    sha256: 858033e3cc411e393c6a1f1bf429d08aceddbc8a16d8bf9113b384f2d4c63c8a
    pantry-tree:
      size: 598
      sha256: 689bed307dc233a6c50e01f00295a079dc40a4291700646f3ca423d714ba35fc
  original:
    subdir: mix
    url: https://github.com/matsubara0507/mix.hs/archive/36e88c9a9e5122a8718c5616d6a9fdcd5b223846.tar.gz
- completed:
    size: 8728
    subdir: mix-plugin-github
    url: https://github.com/matsubara0507/mix.hs/archive/36e88c9a9e5122a8718c5616d6a9fdcd5b223846.tar.gz
    name: mix-plugin-github
    version: 0.2.0
    sha256: 858033e3cc411e393c6a1f1bf429d08aceddbc8a16d8bf9113b384f2d4c63c8a
    pantry-tree:
      size: 458
      sha256: 6061b2c82975eb396f4b717bc1b778f16e8ed4b892375cc94ca665f96c560a65
  original:
    subdir: mix-plugin-github
    url: https://github.com/matsubara0507/mix.hs/archive/36e88c9a9e5122a8718c5616d6a9fdcd5b223846.tar.gz
snapshots:
- completed:
    size: 532377
    url: https://raw.githubusercontent.com/commercialhaskell/stackage-snapshots/master/lts/16/12.yaml
    sha256: f914cfa23fef85bdf895e300a8234d9d0edc2dbec67f4bc9c53f85867c50eab6
  original: lts-16.12
