# This file was autogenerated by Stack.
# You should not edit this file by hand.
# For more information, please see the documentation at:
#   https://docs.haskellstack.org/en/stable/lock_files

packages:
- completed:
    hackage: extensible-0.8@sha256:45ca089909ae434329e4d05dc557be94ff04f24c43ff9b915bd90c0599c83211,2911
    pantry-tree:
      size: 2097
      sha256: d602c9d623afd9186a4d55898ef97f0dfb7f81ffbd5bae86e2238b3694d702fb
  original:
    hackage: extensible-0.8
- completed:
    hackage: membership-0@sha256:3a11d8fd53cb1a76bb9273e6c929bbf9d649f109714bf487abb3143be04ddc81,995
    pantry-tree:
      size: 408
      sha256: 3b593e0d14e848e318e745555776ebb25210e5e3dec4fde5d3c08ab51ceddc62
  original:
    hackage: membership-0
- completed:
    size: 8476
    subdir: mix
    url: https://github.com/matsubara0507/mix.hs/archive/a0b2b9394c340186c9a8a63808f0db1752ada4ae.tar.gz
    name: mix
    version: 0.1.1
    sha256: f879d5d044d8531814a8cd5bbda08ab2a513eb04a150e44526ea0f49961e38a1
    pantry-tree:
      size: 598
      sha256: 689bed307dc233a6c50e01f00295a079dc40a4291700646f3ca423d714ba35fc
  original:
    subdir: mix
    url: https://github.com/matsubara0507/mix.hs/archive/a0b2b9394c340186c9a8a63808f0db1752ada4ae.tar.gz
snapshots:
- completed:
    size: 532377
    url: https://raw.githubusercontent.com/commercialhaskell/stackage-snapshots/master/lts/16/12.yaml
    sha256: f914cfa23fef85bdf895e300a8234d9d0edc2dbec67f4bc9c53f85867c50eab6
  original: lts-16.12
